
Microsoft Visual Studio Solution File, Format Version 12.00
# Visual Studio Version 16
VisualStudioVersion = 16.0.33214.272
MinimumVisualStudioVersion = 10.0.40219.1
Project("{FAE04EC0-301F-11D3-BF4B-00C04F79EFBC}") = "DoAnWebHocLapTrinh", "DoAnWebHocLapTrinh\DoAnWebHocLapTrinh.csproj", "{4613D8F8-FFBC-4071-A5AE-272083D433EC}"
EndProject
Global
	GlobalSection(SolutionConfigurationPlatforms) = preSolution
		Debug|Any CPU = Debug|Any CPU
		Release|Any CPU = Release|Any CPU
	EndGlobalSection
	GlobalSection(ProjectConfigurationPlatforms) = postSolution
		{4613D8F8-FFBC-4071-A5AE-272083D433EC}.Debug|Any CPU.ActiveCfg = Debug|Any CPU
		{4613D8F8-FFBC-4071-A5AE-272083D433EC}.Debug|Any CPU.Build.0 = Debug|Any CPU
		{4613D8F8-FFBC-4071-A5AE-272083D433EC}.Release|Any CPU.ActiveCfg = Release|Any CPU
		{4613D8F8-FFBC-4071-A5AE-272083D433EC}.Release|Any CPU.Build.0 = Release|Any CPU
	EndGlobalSection
	GlobalSection(SolutionProperties) = preSolution
		HideSolutionNode = FALSE
	EndGlobalSection
	GlobalSection(ExtensibilityGlobals) = postSolution
		SolutionGuid = {EE969443-4ADE-484D-A0AC-DAB51DB9ADFD}
	EndGlobalSection
EndGlobal
